# This file is automatically @generated by Cargo.
# It is not intended for manual editing.
version = 3

[[package]]
name = "adler2"
version = "2.0.0"
source = "registry+https://github.com/rust-lang/crates.io-index"
checksum = "512761e0bb2578dd7380c6baaa0f4ce03e84f95e960231d1dec8bf4d7d6e2627"

[[package]]
name = "arrayvec"
version = "0.7.6"
source = "registry+https://github.com/rust-lang/crates.io-index"
checksum = "7c02d123df017efcdfbd739ef81735b36c5ba83ec3c59c80a9d7ecc718f92e50"

[[package]]
name = "bitcode"
version = "0.6.3"
source = "registry+https://github.com/rust-lang/crates.io-index"
checksum = "ee1bce7608560cd4bf0296a4262d0dbf13e6bcec5ff2105724c8ab88cc7fc784"
dependencies = [
 "arrayvec",
 "bitcode_derive",
 "bytemuck",
 "glam",
 "serde",
]

[[package]]
name = "bitcode_derive"
version = "0.6.3"
source = "registry+https://github.com/rust-lang/crates.io-index"
checksum = "a539389a13af092cd345a2b47ae7dec12deb306d660b2223d25cd3419b253ebe"
dependencies = [
 "proc-macro2",
 "quote",
 "syn 2.0.96",
]

[[package]]
name = "bytemuck"
version = "1.21.0"
source = "registry+https://github.com/rust-lang/crates.io-index"
checksum = "ef657dfab802224e671f5818e9a4935f9b1957ed18e58292690cc39e7a4092a3"

[[package]]
name = "byteorder"
version = "1.5.0"
source = "registry+https://github.com/rust-lang/crates.io-index"
checksum = "1fd0f2584146f6f2ef48085050886acf353beff7305ebd1ae69500e27c67f64b"

[[package]]
name = "cabac"
version = "0.6.0"
source = "registry+https://github.com/rust-lang/crates.io-index"
checksum = "d88ab37d14bde3419a036f9207b3775acdb87a83f8e0606edd94e24ddccad1b4"
dependencies = [
 "byteorder",
]

[[package]]
name = "cc"
version = "1.2.10"
source = "registry+https://github.com/rust-lang/crates.io-index"
checksum = "13208fcbb66eaeffe09b99fffbe1af420f00a7b35aa99ad683dfc1aa76145229"
dependencies = [
 "jobserver",
 "libc",
 "shlex",
]

[[package]]
name = "cfg-if"
version = "1.0.0"
source = "registry+https://github.com/rust-lang/crates.io-index"
checksum = "baf1de4339761588bc0619e3cbc0120ee582ebb74b53b4efbf79117bd2da40fd"

[[package]]
name = "cmake"
version = "0.1.53"
source = "registry+https://github.com/rust-lang/crates.io-index"
checksum = "e24a03c8b52922d68a1589ad61032f2c1aa5a8158d2aa0d93c6e9534944bbad6"
dependencies = [
 "cc",
]

[[package]]
name = "crc32fast"
version = "1.4.2"
source = "registry+https://github.com/rust-lang/crates.io-index"
checksum = "a97769d94ddab943e4510d138150169a2758b5ef3eb191a9ee688de3e23ef7b3"
dependencies = [
 "cfg-if",
]

[[package]]
name = "default-boxed"
version = "0.2.0"
source = "registry+https://github.com/rust-lang/crates.io-index"
checksum = "b48cc7cb0b3bcd8acee5eb26e45f8f4b597c5e57a67deb86e3d1d4a1e57a1c31"
dependencies = [
 "default-boxed-derive",
]

[[package]]
name = "default-boxed-derive"
version = "0.2.0"
source = "registry+https://github.com/rust-lang/crates.io-index"
checksum = "94bbd6a078996f7e3af0e053377eb5577dee801eae2f22af2cd1e58fa33a0f5e"
dependencies = [
 "proc-macro2",
 "quote",
 "syn 1.0.109",
]

[[package]]
name = "glam"
version = "0.29.2"
source = "registry+https://github.com/rust-lang/crates.io-index"
checksum = "dc46dd3ec48fdd8e693a98d2b8bafae273a2d54c1de02a2a7e3d57d501f39677"

[[package]]
name = "jobserver"
version = "0.1.32"
source = "registry+https://github.com/rust-lang/crates.io-index"
checksum = "48d1dbcbbeb6a7fec7e059840aa538bd62aaccf972c7346c4d9d2059312853d0"
dependencies = [
 "libc",
]

[[package]]
name = "libc"
version = "0.2.169"
source = "registry+https://github.com/rust-lang/crates.io-index"
checksum = "b5aba8db14291edd000dfcc4d620c7ebfb122c613afb886ca8803fa4e128a20a"

[[package]]
name = "libdeflate-sys"
version = "1.23.0"
source = "registry+https://github.com/rust-lang/crates.io-index"
checksum = "413b667c8a795fcbe6287a75a8ce92b1dae928172c716fe95044cb2ec7877941"
dependencies = [
 "cc",
]

[[package]]
name = "libz-ng-sys"
version = "1.1.21"
source = "registry+https://github.com/rust-lang/crates.io-index"
checksum = "7cee1488e961a80d172564fd6fcda11d8a4ac6672c06fe008e9213fa60520c2b"
dependencies = [
 "cmake",
 "libc",
]

[[package]]
name = "libz-sys"
version = "1.1.21"
source = "registry+https://github.com/rust-lang/crates.io-index"
checksum = "df9b68e50e6e0b26f672573834882eb57759f6db9b3be2ea3c35c91188bb4eaa"
dependencies = [
 "cc",
 "libc",
 "pkg-config",
 "vcpkg",
]

[[package]]
name = "miniz_oxide"
version = "0.8.3"
source = "registry+https://github.com/rust-lang/crates.io-index"
checksum = "b8402cab7aefae129c6977bb0ff1b8fd9a04eb5b51efc50a70bea51cda0c7924"
dependencies = [
 "adler2",
]

[[package]]
name = "pkg-config"
version = "0.3.31"
source = "registry+https://github.com/rust-lang/crates.io-index"
checksum = "953ec861398dccce10c670dfeaf3ec4911ca479e9c02154b3a215178c5f566f2"

[[package]]
name = "preflate-rs"
version = "0.6.3"
dependencies = [
 "bitcode",
 "byteorder",
 "cabac",
 "crc32fast",
 "default-boxed",
 "libdeflate-sys",
 "libz-ng-sys",
 "libz-sys",
 "miniz_oxide",
 "zstd",
]

[[package]]
name = "proc-macro2"
version = "1.0.93"
source = "registry+https://github.com/rust-lang/crates.io-index"
checksum = "60946a68e5f9d28b0dc1c21bb8a97ee7d018a8b322fa57838ba31cc878e22d99"
dependencies = [
 "unicode-ident",
]

[[package]]
name = "quote"
version = "1.0.38"
source = "registry+https://github.com/rust-lang/crates.io-index"
checksum = "0e4dccaaaf89514f546c693ddc140f729f958c247918a13380cccc6078391acc"
dependencies = [
 "proc-macro2",
]

[[package]]
name = "serde"
version = "1.0.217"
source = "registry+https://github.com/rust-lang/crates.io-index"
checksum = "02fc4265df13d6fa1d00ecff087228cc0a2b5f3c0e87e258d8b94a156e984c70"
dependencies = [
 "serde_derive",
]

[[package]]
name = "serde_derive"
version = "1.0.217"
source = "registry+https://github.com/rust-lang/crates.io-index"
checksum = "5a9bf7cf98d04a2b28aead066b7496853d4779c9cc183c440dbac457641e19a0"
dependencies = [
 "proc-macro2",
 "quote",
 "syn 2.0.96",
]

[[package]]
name = "shlex"
version = "1.3.0"
source = "registry+https://github.com/rust-lang/crates.io-index"
checksum = "0fda2ff0d084019ba4d7c6f371c95d8fd75ce3524c3cb8fb653a3023f6323e64"

[[package]]
name = "syn"
version = "1.0.109"
source = "registry+https://github.com/rust-lang/crates.io-index"
checksum = "72b64191b275b66ffe2469e8af2c1cfe3bafa67b529ead792a6d0160888b4237"
dependencies = [
 "proc-macro2",
 "quote",
 "unicode-ident",
]

[[package]]
name = "syn"
version = "2.0.96"
source = "registry+https://github.com/rust-lang/crates.io-index"
checksum = "d5d0adab1ae378d7f53bdebc67a39f1f151407ef230f0ce2883572f5d8985c80"
dependencies = [
 "proc-macro2",
 "quote",
 "unicode-ident",
]

[[package]]
name = "unicode-ident"
version = "1.0.16"
source = "registry+https://github.com/rust-lang/crates.io-index"
checksum = "a210d160f08b701c8721ba1c726c11662f877ea6b7094007e1ca9a1041945034"

[[package]]
name = "vcpkg"
version = "0.2.15"
source = "registry+https://github.com/rust-lang/crates.io-index"
checksum = "accd4ea62f7bb7a82fe23066fb0957d48ef677f6eeb8215f372f52e48bb32426"

[[package]]
name = "zstd"
version = "0.13.2"
source = "registry+https://github.com/rust-lang/crates.io-index"
checksum = "fcf2b778a664581e31e389454a7072dab1647606d44f7feea22cd5abb9c9f3f9"
dependencies = [
 "zstd-safe",
]

[[package]]
name = "zstd-safe"
version = "7.2.1"
source = "registry+https://github.com/rust-lang/crates.io-index"
checksum = "54a3ab4db68cea366acc5c897c7b4d4d1b8994a9cd6e6f841f8964566a419059"
dependencies = [
 "zstd-sys",
]

[[package]]
name = "zstd-sys"
version = "2.0.13+zstd.1.5.6"
source = "registry+https://github.com/rust-lang/crates.io-index"
checksum = "38ff0f21cfee8f97d94cef41359e0c89aa6113028ab0291aa8ca0038995a95aa"
dependencies = [
 "cc",
 "pkg-config",
]
